
Microsoft Visual Studio Solution File, Format Version 12.00
# Visual Studio Version 17
VisualStudioVersion = 17.4.33205.214
MinimumVisualStudioVersion = 10.0.40219.1
Project("{9A19103F-16F7-4668-BE54-9A1E7A4F7556}") = "GFLTestTask.WebApp", "GFLTestTask.WebApp\GFLTestTask.WebApp.csproj", "{443D68AF-691D-4717-B112-85BF93E4C436}"
EndProject
Project("{9A19103F-16F7-4668-BE54-9A1E7A4F7556}") = "GFLTestTask.Dal", "GFLTestTask.Dal\GFLTestTask.Dal.csproj", "{27E7B561-66EE-487B-95D5-2FD552A3ABC4}"
EndProject
Project("{9A19103F-16F7-4668-BE54-9A1E7A4F7556}") = "GFLTestTask.Bll", "GFLTestTask.Bll\GFLTestTask.Bll.csproj", "{D68985ED-594B-40AE-86DA-EE7819C773CE}"
EndProject
Global
	GlobalSection(SolutionConfigurationPlatforms) = preSolution
		Debug|Any CPU = Debug|Any CPU
		Release|Any CPU = Release|Any CPU
	EndGlobalSection
	GlobalSection(ProjectConfigurationPlatforms) = postSolution
		{443D68AF-691D-4717-B112-85BF93E4C436}.Debug|Any CPU.ActiveCfg = Debug|Any CPU
		{443D68AF-691D-4717-B112-85BF93E4C436}.Debug|Any CPU.Build.0 = Debug|Any CPU
		{443D68AF-691D-4717-B112-85BF93E4C436}.Release|Any CPU.ActiveCfg = Release|Any CPU
		{443D68AF-691D-4717-B112-85BF93E4C436}.Release|Any CPU.Build.0 = Release|Any CPU
		{27E7B561-66EE-487B-95D5-2FD552A3ABC4}.Debug|Any CPU.ActiveCfg = Debug|Any CPU
		{27E7B561-66EE-487B-95D5-2FD552A3ABC4}.Debug|Any CPU.Build.0 = Debug|Any CPU
		{27E7B561-66EE-487B-95D5-2FD552A3ABC4}.Release|Any CPU.ActiveCfg = Release|Any CPU
		{27E7B561-66EE-487B-95D5-2FD552A3ABC4}.Release|Any CPU.Build.0 = Release|Any CPU
		{D68985ED-594B-40AE-86DA-EE7819C773CE}.Debug|Any CPU.ActiveCfg = Debug|Any CPU
		{D68985ED-594B-40AE-86DA-EE7819C773CE}.Debug|Any CPU.Build.0 = Debug|Any CPU
		{D68985ED-594B-40AE-86DA-EE7819C773CE}.Release|Any CPU.ActiveCfg = Release|Any CPU
		{D68985ED-594B-40AE-86DA-EE7819C773CE}.Release|Any CPU.Build.0 = Release|Any CPU
	EndGlobalSection
	GlobalSection(SolutionProperties) = preSolution
		HideSolutionNode = FALSE
	EndGlobalSection
	GlobalSection(ExtensibilityGlobals) = postSolution
		SolutionGuid = {569243CA-AB8C-41B9-8E54-A5FFC0E60254}
	EndGlobalSection
EndGlobal
